
Microsoft Visual Studio Solution File, Format Version 12.00
# Visual Studio Version 17
VisualStudioVersion = 17.3.32819.101
MinimumVisualStudioVersion = 10.0.40219.1
Project("{8BC9CEB8-8B4A-11D0-8D11-00A0C91BC942}") = "Manga Idea", "MangaIdea\MangaIdea.vcxproj", "{F381F534-3125-4143-A4E7-6E8E5A802C1B}"
EndProject
Global
	GlobalSection(SolutionConfigurationPlatforms) = preSolution
		Debug|x64 = Debug|x64
		Debug|x86 = Debug|x86
		Release|x64 = Release|x64
		Release|x86 = Release|x86
	EndGlobalSection
	GlobalSection(ProjectConfigurationPlatforms) = postSolution
		{F381F534-3125-4143-A4E7-6E8E5A802C1B}.Debug|x64.ActiveCfg = Debug|x64
		{F381F534-3125-4143-A4E7-6E8E5A802C1B}.Debug|x64.Build.0 = Debug|x64
		{F381F534-3125-4143-A4E7-6E8E5A802C1B}.Debug|x86.ActiveCfg = Debug|Win32
		{F381F534-3125-4143-A4E7-6E8E5A802C1B}.Debug|x86.Build.0 = Debug|Win32
		{F381F534-3125-4143-A4E7-6E8E5A802C1B}.Release|x64.ActiveCfg = Release|x64
		{F381F534-3125-4143-A4E7-6E8E5A802C1B}.Release|x64.Build.0 = Release|x64
		{F381F534-3125-4143-A4E7-6E8E5A802C1B}.Release|x86.ActiveCfg = Release|Win32
		{F381F534-3125-4143-A4E7-6E8E5A802C1B}.Release|x86.Build.0 = Release|Win32
	EndGlobalSection
	GlobalSection(SolutionProperties) = preSolution
		HideSolutionNode = FALSE
	EndGlobalSection
	GlobalSection(ExtensibilityGlobals) = postSolution
		SolutionGuid = {D7E544F4-B03E-46C0-AAD7-A02FA6DF0F49}
	EndGlobalSection
EndGlobal
